// !$*UTF8*$!
{
	archiveVersion = 1;
	classes = {
	};
	objectVersion = 51;
	objects = {

/* Begin PBXBuildFile section */
		405AD1BC713E4C2C21E97CF0 /* Pods_flix.framework in Frameworks */ = {isa = PBXBuildFile; fileRef = 17AE24FAA61612B035DCAF08 /* Pods_flix.framework */; };
		489B7216ACF1215403F99242 /* Pods_flixTests.framework in Frameworks */ = {isa = PBXBuildFile; fileRef = 2DE297CF63E594103C6D0D1A /* Pods_flixTests.framework */; };
		58B523E7344E03643C67396F /* Pods_flix_flixUITests.framework in Frameworks */ = {isa = PBXBuildFile; fileRef = D3903B2566E0B1DED8B0A73C /* Pods_flix_flixUITests.framework */; };
		BB3C6100252811E1002A958F /* MoviesViewController.swift in Sources */ = {isa = PBXBuildFile; fileRef = BB3C60FF252811E1002A958F /* MoviesViewController.swift */; };
		BB3C610525281B2A002A958F /* MovieCell.swift in Sources */ = {isa = PBXBuildFile; fileRef = BB3C610425281B2A002A958F /* MovieCell.swift */; };
		BB3C611525282301002A958F /* MovieDetailsViewController.swift in Sources */ = {isa = PBXBuildFile; fileRef = BB3C611425282301002A958F /* MovieDetailsViewController.swift */; };
		BB5FF04525280CAA00818C10 /* AppDelegate.swift in Sources */ = {isa = PBXBuildFile; fileRef = BB5FF04425280CAA00818C10 /* AppDelegate.swift */; };
		BB5FF04725280CAA00818C10 /* SceneDelegate.swift in Sources */ = {isa = PBXBuildFile; fileRef = BB5FF04625280CAA00818C10 /* SceneDelegate.swift */; };
		BB5FF04C25280CAA00818C10 /* Main.storyboard in Resources */ = {isa = PBXBuildFile; fileRef = BB5FF04A25280CAA00818C10 /* Main.storyboard */; };
		BB5FF04E25280CAE00818C10 /* Assets.xcassets in Resources */ = {isa = PBXBuildFile; fileRef = BB5FF04D25280CAE00818C10 /* Assets.xcassets */; };
		BB5FF05125280CAE00818C10 /* LaunchScreen.storyboard in Resources */ = {isa = PBXBuildFile; fileRef = BB5FF04F25280CAE00818C10 /* LaunchScreen.storyboard */; };
		BB5FF05C25280CAF00818C10 /* flixTests.swift in Sources */ = {isa = PBXBuildFile; fileRef = BB5FF05B25280CAF00818C10 /* flixTests.swift */; };
		BB5FF06725280CAF00818C10 /* flixUITests.swift in Sources */ = {isa = PBXBuildFile; fileRef = BB5FF06625280CAF00818C10 /* flixUITests.swift */; };
/* End PBXBuildFile section */

/* Begin PBXContainerItemProxy section */
		BB5FF05825280CAF00818C10 /* PBXContainerItemProxy */ = {
			isa = PBXContainerItemProxy;
			containerPortal = BB5FF03925280CA900818C10 /* Project object */;
			proxyType = 1;
			remoteGlobalIDString = BB5FF04025280CA900818C10;
			remoteInfo = flix;
		};
		BB5FF06325280CAF00818C10 /* PBXContainerItemProxy */ = {
			isa = PBXContainerItemProxy;
			containerPortal = BB5FF03925280CA900818C10 /* Project object */;
			proxyType = 1;
			remoteGlobalIDString = BB5FF04025280CA900818C10;
			remoteInfo = flix;
		};
/* End PBXContainerItemProxy section */

/* Begin PBXFileReference section */
		17AE24FAA61612B035DCAF08 /* Pods_flix.framework */ = {isa = PBXFileReference; explicitFileType = wrapper.framework; includeInIndex = 0; path = Pods_flix.framework; sourceTree = BUILT_PRODUCTS_DIR; };
		2DE297CF63E594103C6D0D1A /* Pods_flixTests.framework */ = {isa = PBXFileReference; explicitFileType = wrapper.framework; includeInIndex = 0; path = Pods_flixTests.framework; sourceTree = BUILT_PRODUCTS_DIR; };
		3A990998B8A1B27FFA4855CF /* Pods-flixTests.release.xcconfig */ = {isa = PBXFileReference; includeInIndex = 1; lastKnownFileType = text.xcconfig; name = "Pods-flixTests.release.xcconfig"; path = "Target Support Files/Pods-flixTests/Pods-flixTests.release.xcconfig"; sourceTree = "<group>"; };
		48233242B0A9CAE4732EF44B /* Pods-flix-flixUITests.release.xcconfig */ = {isa = PBXFileReference; includeInIndex = 1; lastKnownFileType = text.xcconfig; name = "Pods-flix-flixUITests.release.xcconfig"; path = "Target Support Files/Pods-flix-flixUITests/Pods-flix-flixUITests.release.xcconfig"; sourceTree = "<group>"; };
		5FDB98737D9FDA86276A233A /* Pods-flixTests.debug.xcconfig */ = {isa = PBXFileReference; includeInIndex = 1; lastKnownFileType = text.xcconfig; name = "Pods-flixTests.debug.xcconfig"; path = "Target Support Files/Pods-flixTests/Pods-flixTests.debug.xcconfig"; sourceTree = "<group>"; };
		6513B4B494872798D561716B /* Pods-flix-flixUITests.debug.xcconfig */ = {isa = PBXFileReference; includeInIndex = 1; lastKnownFileType = text.xcconfig; name = "Pods-flix-flixUITests.debug.xcconfig"; path = "Target Support Files/Pods-flix-flixUITests/Pods-flix-flixUITests.debug.xcconfig"; sourceTree = "<group>"; };
		B548E3B0AC299BF7E8830BBC /* Pods-flix.release.xcconfig */ = {isa = PBXFileReference; includeInIndex = 1; lastKnownFileType = text.xcconfig; name = "Pods-flix.release.xcconfig"; path = "Target Support Files/Pods-flix/Pods-flix.release.xcconfig"; sourceTree = "<group>"; };
		BB3C60FF252811E1002A958F /* MoviesViewController.swift */ = {isa = PBXFileReference; lastKnownFileType = sourcecode.swift; path = MoviesViewController.swift; sourceTree = "<group>"; };
		BB3C610425281B2A002A958F /* MovieCell.swift */ = {isa = PBXFileReference; lastKnownFileType = sourcecode.swift; path = MovieCell.swift; sourceTree = "<group>"; };
		BB3C611425282301002A958F /* MovieDetailsViewController.swift */ = {isa = PBXFileReference; lastKnownFileType = sourcecode.swift; path = MovieDetailsViewController.swift; sourceTree = "<group>"; };
		BB5FF04125280CA900818C10 /* flix.app */ = {isa = PBXFileReference; explicitFileType = wrapper.application; includeInIndex = 0; path = flix.app; sourceTree = BUILT_PRODUCTS_DIR; };
		BB5FF04425280CAA00818C10 /* AppDelegate.swift */ = {isa = PBXFileReference; lastKnownFileType = sourcecode.swift; path = AppDelegate.swift; sourceTree = "<group>"; };
		BB5FF04625280CAA00818C10 /* SceneDelegate.swift */ = {isa = PBXFileReference; lastKnownFileType = sourcecode.swift; path = SceneDelegate.swift; sourceTree = "<group>"; };
		BB5FF04B25280CAA00818C10 /* Base */ = {isa = PBXFileReference; lastKnownFileType = file.storyboard; name = Base; path = Base.lproj/Main.storyboard; sourceTree = "<group>"; };
		BB5FF04D25280CAE00818C10 /* Assets.xcassets */ = {isa = PBXFileReference; lastKnownFileType = folder.assetcatalog; path = Assets.xcassets; sourceTree = "<group>"; };
		BB5FF05025280CAE00818C10 /* Base */ = {isa = PBXFileReference; lastKnownFileType = file.storyboard; name = Base; path = Base.lproj/LaunchScreen.storyboard; sourceTree = "<group>"; };
		BB5FF05225280CAE00818C10 /* Info.plist */ = {isa = PBXFileReference; lastKnownFileType = text.plist.xml; path = Info.plist; sourceTree = "<group>"; };
		BB5FF05725280CAF00818C10 /* flixTests.xctest */ = {isa = PBXFileReference; explicitFileType = wrapper.cfbundle; includeInIndex = 0; path = flixTests.xctest; sourceTree = BUILT_PRODUCTS_DIR; };
		BB5FF05B25280CAF00818C10 /* flixTests.swift */ = {isa = PBXFileReference; lastKnownFileType = sourcecode.swift; path = flixTests.swift; sourceTree = "<group>"; };
		BB5FF05D25280CAF00818C10 /* Info.plist */ = {isa = PBXFileReference; lastKnownFileType = text.plist.xml; path = Info.plist; sourceTree = "<group>"; };
		BB5FF06225280CAF00818C10 /* flixUITests.xctest */ = {isa = PBXFileReference; explicitFileType = wrapper.cfbundle; includeInIndex = 0; path = flixUITests.xctest; sourceTree = BUILT_PRODUCTS_DIR; };
		BB5FF06625280CAF00818C10 /* flixUITests.swift */ = {isa = PBXFileReference; lastKnownFileType = sourcecode.swift; path = flixUITests.swift; sourceTree = "<group>"; };
		BB5FF06825280CAF00818C10 /* Info.plist */ = {isa = PBXFileReference; lastKnownFileType = text.plist.xml; path = Info.plist; sourceTree = "<group>"; };
		D3903B2566E0B1DED8B0A73C /* Pods_flix_flixUITests.framework */ = {isa = PBXFileReference; explicitFileType = wrapper.framework; includeInIndex = 0; path = Pods_flix_flixUITests.framework; sourceTree = BUILT_PRODUCTS_DIR; };
		E4122A55510B1DE4ECF7F1E6 /* Pods-flix.debug.xcconfig */ = {isa = PBXFileReference; includeInIndex = 1; lastKnownFileType = text.xcconfig; name = "Pods-flix.debug.xcconfig"; path = "Target Support Files/Pods-flix/Pods-flix.debug.xcconfig"; sourceTree = "<group>"; };
/* End PBXFileReference section */

/* Begin PBXFrameworksBuildPhase section */
		BB5FF03E25280CA900818C10 /* Frameworks */ = {
			isa = PBXFrameworksBuildPhase;
			buildActionMask = 2147483647;
			files = (
				405AD1BC713E4C2C21E97CF0 /* Pods_flix.framework in Frameworks */,
			);
			runOnlyForDeploymentPostprocessing = 0;
		};
		BB5FF05425280CAF00818C10 /* Frameworks */ = {
			isa = PBXFrameworksBuildPhase;
			buildActionMask = 2147483647;
			files = (
				489B7216ACF1215403F99242 /* Pods_flixTests.framework in Frameworks */,
			);
			runOnlyForDeploymentPostprocessing = 0;
		};
		BB5FF05F25280CAF00818C10 /* Frameworks */ = {
			isa = PBXFrameworksBuildPhase;
			buildActionMask = 2147483647;
			files = (
				58B523E7344E03643C67396F /* Pods_flix_flixUITests.framework in Frameworks */,
			);
			runOnlyForDeploymentPostprocessing = 0;
		};
/* End PBXFrameworksBuildPhase section */

/* Begin PBXGroup section */
		0E1EB489F918F54CF97E8771 /* Frameworks */ = {
			isa = PBXGroup;
			children = (
				17AE24FAA61612B035DCAF08 /* Pods_flix.framework */,
				D3903B2566E0B1DED8B0A73C /* Pods_flix_flixUITests.framework */,
				2DE297CF63E594103C6D0D1A /* Pods_flixTests.framework */,
			);
			name = Frameworks;
			sourceTree = "<group>";
		};
		BB5FF03825280CA900818C10 = {
			isa = PBXGroup;
			children = (
				BB5FF04325280CA900818C10 /* flix */,
				BB5FF05A25280CAF00818C10 /* flixTests */,
				BB5FF06525280CAF00818C10 /* flixUITests */,
				BB5FF04225280CA900818C10 /* Products */,
				C15ED86804FD5356E055D840 /* Pods */,
				0E1EB489F918F54CF97E8771 /* Frameworks */,
			);
			sourceTree = "<group>";
		};
		BB5FF04225280CA900818C10 /* Products */ = {
			isa = PBXGroup;
			children = (
				BB5FF04125280CA900818C10 /* flix.app */,
				BB5FF05725280CAF00818C10 /* flixTests.xctest */,
				BB5FF06225280CAF00818C10 /* flixUITests.xctest */,
			);
			name = Products;
			sourceTree = "<group>";
		};
		BB5FF04325280CA900818C10 /* flix */ = {
			isa = PBXGroup;
			children = (
				BB5FF04425280CAA00818C10 /* AppDelegate.swift */,
				BB5FF04625280CAA00818C10 /* SceneDelegate.swift */,
				BB5FF04A25280CAA00818C10 /* Main.storyboard */,
				BB3C611425282301002A958F /* MovieDetailsViewController.swift */,
				BB3C610425281B2A002A958F /* MovieCell.swift */,
				BB5FF04D25280CAE00818C10 /* Assets.xcassets */,
				BB5FF04F25280CAE00818C10 /* LaunchScreen.storyboard */,
				BB5FF05225280CAE00818C10 /* Info.plist */,
				BB3C60FF252811E1002A958F /* MoviesViewController.swift */,
			);
			path = flix;
			sourceTree = "<group>";
		};
		BB5FF05A25280CAF00818C10 /* flixTests */ = {
			isa = PBXGroup;
			children = (
				BB5FF05B25280CAF00818C10 /* flixTests.swift */,
				BB5FF05D25280CAF00818C10 /* Info.plist */,
			);
			path = flixTests;
			sourceTree = "<group>";
		};
		BB5FF06525280CAF00818C10 /* flixUITests */ = {
			isa = PBXGroup;
			children = (
				BB5FF06625280CAF00818C10 /* flixUITests.swift */,
				BB5FF06825280CAF00818C10 /* Info.plist */,
			);
			path = flixUITests;
			sourceTree = "<group>";
		};
		C15ED86804FD5356E055D840 /* Pods */ = {
			isa = PBXGroup;
			children = (
				E4122A55510B1DE4ECF7F1E6 /* Pods-flix.debug.xcconfig */,
				B548E3B0AC299BF7E8830BBC /* Pods-flix.release.xcconfig */,
				6513B4B494872798D561716B /* Pods-flix-flixUITests.debug.xcconfig */,
				48233242B0A9CAE4732EF44B /* Pods-flix-flixUITests.release.xcconfig */,
				5FDB98737D9FDA86276A233A /* Pods-flixTests.debug.xcconfig */,
				3A990998B8A1B27FFA4855CF /* Pods-flixTests.release.xcconfig */,
			);
			path = Pods;
			sourceTree = "<group>";
		};
/* End PBXGroup section */

/* Begin PBXNativeTarget section */
		BB5FF04025280CA900818C10 /* flix */ = {
			isa = PBXNativeTarget;
			buildConfigurationList = BB5FF06B25280CAF00818C10 /* Build configuration list for PBXNativeTarget "flix" */;
			buildPhases = (
				5C4543C8C3A9208D010CB801 /* [CP] Check Pods Manifest.lock */,
				BB5FF03D25280CA900818C10 /* Sources */,
				BB5FF03E25280CA900818C10 /* Frameworks */,
				BB5FF03F25280CA900818C10 /* Resources */,
				D05811BD90F165A629784854 /* [CP] Embed Pods Frameworks */,
			);
			buildRules = (
			);
			dependencies = (
			);
			name = flix;
			productName = flix;
			productReference = BB5FF04125280CA900818C10 /* flix.app */;
			productType = "com.apple.product-type.application";
		};
		BB5FF05625280CAF00818C10 /* flixTests */ = {
			isa = PBXNativeTarget;
			buildConfigurationList = BB5FF06E25280CAF00818C10 /* Build configuration list for PBXNativeTarget "flixTests" */;
			buildPhases = (
				7E40625EF1F3E8FF6ED83540 /* [CP] Check Pods Manifest.lock */,
				BB5FF05325280CAF00818C10 /* Sources */,
				BB5FF05425280CAF00818C10 /* Frameworks */,
				BB5FF05525280CAF00818C10 /* Resources */,
			);
			buildRules = (
			);
			dependencies = (
				BB5FF05925280CAF00818C10 /* PBXTargetDependency */,
			);
			name = flixTests;
			productName = flixTests;
			productReference = BB5FF05725280CAF00818C10 /* flixTests.xctest */;
			productType = "com.apple.product-type.bundle.unit-test";
		};
		BB5FF06125280CAF00818C10 /* flixUITests */ = {
			isa = PBXNativeTarget;
			buildConfigurationList = BB5FF07125280CAF00818C10 /* Build configuration list for PBXNativeTarget "flixUITests" */;
			buildPhases = (
				FAD434B198151965B451E19F /* [CP] Check Pods Manifest.lock */,
				BB5FF05E25280CAF00818C10 /* Sources */,
				BB5FF05F25280CAF00818C10 /* Frameworks */,
				BB5FF06025280CAF00818C10 /* Resources */,
				9DAC2CD2DF48233A2B443A83 /* [CP] Embed Pods Frameworks */,
			);
			buildRules = (
			);
			dependencies = (
				BB5FF06425280CAF00818C10 /* PBXTargetDependency */,
			);
			name = flixUITests;
			productName = flixUITests;
			productReference = BB5FF06225280CAF00818C10 /* flixUITests.xctest */;
			productType = "com.apple.product-type.bundle.ui-testing";
		};
/* End PBXNativeTarget section */

/* Begin PBXProject section */
		BB5FF03925280CA900818C10 /* Project object */ = {
			isa = PBXProject;
			attributes = {
				LastSwiftUpdateCheck = 1200;
				LastUpgradeCheck = 1200;
				TargetAttributes = {
					BB5FF04025280CA900818C10 = {
						CreatedOnToolsVersion = 12.0.1;
					};
					BB5FF05625280CAF00818C10 = {
						CreatedOnToolsVersion = 12.0.1;
						TestTargetID = BB5FF04025280CA900818C10;
					};
					BB5FF06125280CAF00818C10 = {
						CreatedOnToolsVersion = 12.0.1;
						TestTargetID = BB5FF04025280CA900818C10;
					};
				};
			};
			buildConfigurationList = BB5FF03C25280CA900818C10 /* Build configuration list for PBXProject "flix" */;
			compatibilityVersion = "Xcode 9.3";
			developmentRegion = en;
			hasScannedForEncodings = 0;
			knownRegions = (
				en,
				Base,
			);
			mainGroup = BB5FF03825280CA900818C10;
			productRefGroup = BB5FF04225280CA900818C10 /* Products */;
			projectDirPath = "";
			projectRoot = "";
			targets = (
				BB5FF04025280CA900818C10 /* flix */,
				BB5FF05625280CAF00818C10 /* flixTests */,
				BB5FF06125280CAF00818C10 /* flixUITests */,
			);
		};
/* End PBXProject section */

/* Begin PBXResourcesBuildPhase section */
		BB5FF03F25280CA900818C10 /* Resources */ = {
			isa = PBXResourcesBuildPhase;
			buildActionMask = 2147483647;
			files = (
				BB5FF05125280CAE00818C10 /* LaunchScreen.storyboard in Resources */,
				BB5FF04E25280CAE00818C10 /* Assets.xcassets in Resources */,
				BB5FF04C25280CAA00818C10 /* Main.storyboard in Resources */,
			);
			runOnlyForDeploymentPostprocessing = 0;
		};
		BB5FF05525280CAF00818C10 /* Resources */ = {
			isa = PBXResourcesBuildPhase;
			buildActionMask = 2147483647;
			files = (
			);
			runOnlyForDeploymentPostprocessing = 0;
		};
		BB5FF06025280CAF00818C10 /* Resources */ = {
			isa = PBXResourcesBuildPhase;
			buildActionMask = 2147483647;
			files = (
			);
			runOnlyForDeploymentPostprocessing = 0;
		};
/* End PBXResourcesBuildPhase section */

/* Begin PBXShellScriptBuildPhase section */
		5C4543C8C3A9208D010CB801 /* [CP] Check Pods Manifest.lock */ = {
			isa = PBXShellScriptBuildPhase;
			buildActionMask = 2147483647;
			files = (
			);
			inputFileListPaths = (
			);
			inputPaths = (
				"${PODS_PODFILE_DIR_PATH}/Podfile.lock",
				"${PODS_ROOT}/Manifest.lock",
			);
			name = "[CP] Check Pods Manifest.lock";
			outputFileListPaths = (
			);
			outputPaths = (
				"$(DERIVED_FILE_DIR)/Pods-flix-checkManifestLockResult.txt",
			);
			runOnlyForDeploymentPostprocessing = 0;
			shellPath = /bin/sh;
			shellScript = "diff \"${PODS_PODFILE_DIR_PATH}/Podfile.lock\" \"${PODS_ROOT}/Manifest.lock\" > /dev/null\nif [ $? != 0 ] ; then\n    # print error to STDERR\n    echo \"error: The sandbox is not in sync with the Podfile.lock. Run 'pod install' or update your CocoaPods installation.\" >&2\n    exit 1\nfi\n# This output is used by Xcode 'outputs' to avoid re-running this script phase.\necho \"SUCCESS\" > \"${SCRIPT_OUTPUT_FILE_0}\"\n";
			showEnvVarsInLog = 0;
		};
		7E40625EF1F3E8FF6ED83540 /* [CP] Check Pods Manifest.lock */ = {
			isa = PBXShellScriptBuildPhase;
			buildActionMask = 2147483647;
			files = (
			);
			inputFileListPaths = (
			);
			inputPaths = (
				"${PODS_PODFILE_DIR_PATH}/Podfile.lock",
				"${PODS_ROOT}/Manifest.lock",
			);
			name = "[CP] Check Pods Manifest.lock";
			outputFileListPaths = (
			);
			outputPaths = (
				"$(DERIVED_FILE_DIR)/Pods-flixTests-checkManifestLockResult.txt",
			);
			runOnlyForDeploymentPostprocessing = 0;
			shellPath = /bin/sh;
			shellScript = "diff \"${PODS_PODFILE_DIR_PATH}/Podfile.lock\" \"${PODS_ROOT}/Manifest.lock\" > /dev/null\nif [ $? != 0 ] ; then\n    # print error to STDERR\n    echo \"error: The sandbox is not in sync with the Podfile.lock. Run 'pod install' or update your CocoaPods installation.\" >&2\n    exit 1\nfi\n# This output is used by Xcode 'outputs' to avoid re-running this script phase.\necho \"SUCCESS\" > \"${SCRIPT_OUTPUT_FILE_0}\"\n";
			showEnvVarsInLog = 0;
		};
		9DAC2CD2DF48233A2B443A83 /* [CP] Embed Pods Frameworks */ = {
			isa = PBXShellScriptBuildPhase;
			buildActionMask = 2147483647;
			files = (
			);
			inputFileListPaths = (
				"${PODS_ROOT}/Target Support Files/Pods-flix-flixUITests/Pods-flix-flixUITests-frameworks-${CONFIGURATION}-input-files.xcfilelist",
			);
			name = "[CP] Embed Pods Frameworks";
			outputFileListPaths = (
				"${PODS_ROOT}/Target Support Files/Pods-flix-flixUITests/Pods-flix-flixUITests-frameworks-${CONFIGURATION}-output-files.xcfilelist",
			);
			runOnlyForDeploymentPostprocessing = 0;
			shellPath = /bin/sh;
			shellScript = "\"${PODS_ROOT}/Target Support Files/Pods-flix-flixUITests/Pods-flix-flixUITests-frameworks.sh\"\n";
			showEnvVarsInLog = 0;
		};
		D05811BD90F165A629784854 /* [CP] Embed Pods Frameworks */ = {
			isa = PBXShellScriptBuildPhase;
			buildActionMask = 2147483647;
			files = (
			);
			inputFileListPaths = (
				"${PODS_ROOT}/Target Support Files/Pods-flix/Pods-flix-frameworks-${CONFIGURATION}-input-files.xcfilelist",
			);
			name = "[CP] Embed Pods Frameworks";
			outputFileListPaths = (
				"${PODS_ROOT}/Target Support Files/Pods-flix/Pods-flix-frameworks-${CONFIGURATION}-output-files.xcfilelist",
			);
			runOnlyForDeploymentPostprocessing = 0;
			shellPath = /bin/sh;
			shellScript = "\"${PODS_ROOT}/Target Support Files/Pods-flix/Pods-flix-frameworks.sh\"\n";
			showEnvVarsInLog = 0;
		};
		FAD434B198151965B451E19F /* [CP] Check Pods Manifest.lock */ = {
			isa = PBXShellScriptBuildPhase;
			buildActionMask = 2147483647;
			files = (
			);
			inputFileListPaths = (
			);
			inputPaths = (
				"${PODS_PODFILE_DIR_PATH}/Podfile.lock",
				"${PODS_ROOT}/Manifest.lock",
			);
			name = "[CP] Check Pods Manifest.lock";
			outputFileListPaths = (
			);
			outputPaths = (
				"$(DERIVED_FILE_DIR)/Pods-flix-flixUITests-checkManifestLockResult.txt",
			);
			runOnlyForDeploymentPostprocessing = 0;
			shellPath = /bin/sh;
			shellScript = "diff \"${PODS_PODFILE_DIR_PATH}/Podfile.lock\" \"${PODS_ROOT}/Manifest.lock\" > /dev/null\nif [ $? != 0 ] ; then\n    # print error to STDERR\n    echo \"error: The sandbox is not in sync with the Podfile.lock. Run 'pod install' or update your CocoaPods installation.\" >&2\n    exit 1\nfi\n# This output is used by Xcode 'outputs' to avoid re-running this script phase.\necho \"SUCCESS\" > \"${SCRIPT_OUTPUT_FILE_0}\"\n";
			showEnvVarsInLog = 0;
		};
/* End PBXShellScriptBuildPhase section */

/* Begin PBXSourcesBuildPhase section */
		BB5FF03D25280CA900818C10 /* Sources */ = {
			isa = PBXSourcesBuildPhase;
			buildActionMask = 2147483647;
			files = (
				BB3C611525282301002A958F /* MovieDetailsViewController.swift in Sources */,
				BB5FF04525280CAA00818C10 /* AppDelegate.swift in Sources */,
				BB5FF04725280CAA00818C10 /* SceneDelegate.swift in Sources */,
				BB3C610525281B2A002A958F /* MovieCell.swift in Sources */,
				BB3C6100252811E1002A958F /* MoviesViewController.swift in Sources */,
			);
			runOnlyForDeploymentPostprocessing = 0;
		};
		BB5FF05325280CAF00818C10 /* Sources */ = {
			isa = PBXSourcesBuildPhase;
			buildActionMask = 2147483647;
			files = (
				BB5FF05C25280CAF00818C10 /* flixTests.swift in Sources */,
			);
			runOnlyForDeploymentPostprocessing = 0;
		};
		BB5FF05E25280CAF00818C10 /* Sources */ = {
			isa = PBXSourcesBuildPhase;
			buildActionMask = 2147483647;
			files = (
				BB5FF06725280CAF00818C10 /* flixUITests.swift in Sources */,
			);
			runOnlyForDeploymentPostprocessing = 0;
		};
/* End PBXSourcesBuildPhase section */

/* Begin PBXTargetDependency section */
		BB5FF05925280CAF00818C10 /* PBXTargetDependency */ = {
			isa = PBXTargetDependency;
			target = BB5FF04025280CA900818C10 /* flix */;
			targetProxy = BB5FF05825280CAF00818C10 /* PBXContainerItemProxy */;
		};
		BB5FF06425280CAF00818C10 /* PBXTargetDependency */ = {
			isa = PBXTargetDependency;
			target = BB5FF04025280CA900818C10 /* flix */;
			targetProxy = BB5FF06325280CAF00818C10 /* PBXContainerItemProxy */;
		};
/* End PBXTargetDependency section */

/* Begin PBXVariantGroup section */
		BB5FF04A25280CAA00818C10 /* Main.storyboard */ = {
			isa = PBXVariantGroup;
			children = (
				BB5FF04B25280CAA00818C10 /* Base */,
			);
			name = Main.storyboard;
			sourceTree = "<group>";
		};
		BB5FF04F25280CAE00818C10 /* LaunchScreen.storyboard */ = {
			isa = PBXVariantGroup;
			children = (
				BB5FF05025280CAE00818C10 /* Base */,
			);
			name = LaunchScreen.storyboard;
			sourceTree = "<group>";
		};
/* End PBXVariantGroup section */

/* Begin XCBuildConfiguration section */
		BB5FF06925280CAF00818C10 /* Debug */ = {
			isa = XCBuildConfiguration;
			buildSettings = {
				ALWAYS_SEARCH_USER_PATHS = NO;
				CLANG_ANALYZER_NONNULL = YES;
				CLANG_ANALYZER_NUMBER_OBJECT_CONVERSION = YES_AGGRESSIVE;
				CLANG_CXX_LANGUAGE_STANDARD = "gnu++14";
				CLANG_CXX_LIBRARY = "libc++";
				CLANG_ENABLE_MODULES = YES;
				CLANG_ENABLE_OBJC_ARC = YES;
				CLANG_ENABLE_OBJC_WEAK = YES;
				CLANG_WARN_BLOCK_CAPTURE_AUTORELEASING = YES;
				CLANG_WARN_BOOL_CONVERSION = YES;
				CLANG_WARN_COMMA = YES;
				CLANG_WARN_CONSTANT_CONVERSION = YES;
				CLANG_WARN_DEPRECATED_OBJC_IMPLEMENTATIONS = YES;
				CLANG_WARN_DIRECT_OBJC_ISA_USAGE = YES_ERROR;
				CLANG_WARN_DOCUMENTATION_COMMENTS = YES;
				CLANG_WARN_EMPTY_BODY = YES;
				CLANG_WARN_ENUM_CONVERSION = YES;
				CLANG_WARN_INFINITE_RECURSION = YES;
				CLANG_WARN_INT_CONVERSION = YES;
				CLANG_WARN_NON_LITERAL_NULL_CONVERSION = YES;
				CLANG_WARN_OBJC_IMPLICIT_RETAIN_SELF = YES;
				CLANG_WARN_OBJC_LITERAL_CONVERSION = YES;
				CLANG_WARN_OBJC_ROOT_CLASS = YES_ERROR;
				CLANG_WARN_QUOTED_INCLUDE_IN_FRAMEWORK_HEADER = YES;
				CLANG_WARN_RANGE_LOOP_ANALYSIS = YES;
				CLANG_WARN_STRICT_PROTOTYPES = YES;
				CLANG_WARN_SUSPICIOUS_MOVE = YES;
				CLANG_WARN_UNGUARDED_AVAILABILITY = YES_AGGRESSIVE;
				CLANG_WARN_UNREACHABLE_CODE = YES;
				CLANG_WARN__DUPLICATE_METHOD_MATCH = YES;
				COPY_PHASE_STRIP = NO;
				DEBUG_INFORMATION_FORMAT = dwarf;
				ENABLE_STRICT_OBJC_MSGSEND = YES;
				ENABLE_TESTABILITY = YES;
				GCC_C_LANGUAGE_STANDARD = gnu11;
				GCC_DYNAMIC_NO_PIC = NO;
				GCC_NO_COMMON_BLOCKS = YES;
				GCC_OPTIMIZATION_LEVEL = 0;
				GCC_PREPROCESSOR_DEFINITIONS = (
					"DEBUG=1",
					"$(inherited)",
				);
				GCC_WARN_64_TO_32_BIT_CONVERSION = YES;
				GCC_WARN_ABOUT_RETURN_TYPE = YES_ERROR;
				GCC_WARN_UNDECLARED_SELECTOR = YES;
				GCC_WARN_UNINITIALIZED_AUTOS = YES_AGGRESSIVE;
				GCC_WARN_UNUSED_FUNCTION = YES;
				GCC_WARN_UNUSED_VARIABLE = YES;
				IPHONEOS_DEPLOYMENT_TARGET = 14.0;
				MTL_ENABLE_DEBUG_INFO = INCLUDE_SOURCE;
				MTL_FAST_MATH = YES;
				ONLY_ACTIVE_ARCH = YES;
				SDKROOT = iphoneos;
				SWIFT_ACTIVE_COMPILATION_CONDITIONS = DEBUG;
				SWIFT_OPTIMIZATION_LEVEL = "-Onone";
			};
			name = Debug;
		};
		BB5FF06A25280CAF00818C10 /* Release */ = {
			isa = XCBuildConfiguration;
			buildSettings = {
				ALWAYS_SEARCH_USER_PATHS = NO;
				CLANG_ANALYZER_NONNULL = YES;
				CLANG_ANALYZER_NUMBER_OBJECT_CONVERSION = YES_AGGRESSIVE;
				CLANG_CXX_LANGUAGE_STANDARD = "gnu++14";
				CLANG_CXX_LIBRARY = "libc++";
				CLANG_ENABLE_MODULES = YES;
				CLANG_ENABLE_OBJC_ARC = YES;
				CLANG_ENABLE_OBJC_WEAK = YES;
				CLANG_WARN_BLOCK_CAPTURE_AUTORELEASING = YES;
				CLANG_WARN_BOOL_CONVERSION = YES;
				CLANG_WARN_COMMA = YES;
				CLANG_WARN_CONSTANT_CONVERSION = YES;
				CLANG_WARN_DEPRECATED_OBJC_IMPLEMENTATIONS = YES;
				CLANG_WARN_DIRECT_OBJC_ISA_USAGE = YES_ERROR;
				CLANG_WARN_DOCUMENTATION_COMMENTS = YES;
				CLANG_WARN_EMPTY_BODY = YES;
				CLANG_WARN_ENUM_CONVERSION = YES;
				CLANG_WARN_INFINITE_RECURSION = YES;
				CLANG_WARN_INT_CONVERSION = YES;
				CLANG_WARN_NON_LITERAL_NULL_CONVERSION = YES;
				CLANG_WARN_OBJC_IMPLICIT_RETAIN_SELF = YES;
				CLANG_WARN_OBJC_LITERAL_CONVERSION = YES;
				CLANG_WARN_OBJC_ROOT_CLASS = YES_ERROR;
				CLANG_WARN_QUOTED_INCLUDE_IN_FRAMEWORK_HEADER = YES;
				CLANG_WARN_RANGE_LOOP_ANALYSIS = YES;
				CLANG_WARN_STRICT_PROTOTYPES = YES;
				CLANG_WARN_SUSPICIOUS_MOVE = YES;
				CLANG_WARN_UNGUARDED_AVAILABILITY = YES_AGGRESSIVE;
				CLANG_WARN_UNREACHABLE_CODE = YES;
				CLANG_WARN__DUPLICATE_METHOD_MATCH = YES;
				COPY_PHASE_STRIP = NO;
				DEBUG_INFORMATION_FORMAT = "dwarf-with-dsym";
				ENABLE_NS_ASSERTIONS = NO;
				ENABLE_STRICT_OBJC_MSGSEND = YES;
				GCC_C_LANGUAGE_STANDARD = gnu11;
				GCC_NO_COMMON_BLOCKS = YES;
				GCC_WARN_64_TO_32_BIT_CONVERSION = YES;
				GCC_WARN_ABOUT_RETURN_TYPE = YES_ERROR;
				GCC_WARN_UNDECLARED_SELECTOR = YES;
				GCC_WARN_UNINITIALIZED_AUTOS = YES_AGGRESSIVE;
				GCC_WARN_UNUSED_FUNCTION = YES;
				GCC_WARN_UNUSED_VARIABLE = YES;
				IPHONEOS_DEPLOYMENT_TARGET = 14.0;
				MTL_ENABLE_DEBUG_INFO = NO;
				MTL_FAST_MATH = YES;
				SDKROOT = iphoneos;
				SWIFT_COMPILATION_MODE = wholemodule;
				SWIFT_OPTIMIZATION_LEVEL = "-O";
				VALIDATE_PRODUCT = YES;
			};
			name = Release;
		};
		BB5FF06C25280CAF00818C10 /* Debug */ = {
			isa = XCBuildConfiguration;
			baseConfigurationReference = E4122A55510B1DE4ECF7F1E6 /* Pods-flix.debug.xcconfig */;
			buildSettings = {
				ASSETCATALOG_COMPILER_APPICON_NAME = AppIcon;
				ASSETCATALOG_COMPILER_GLOBAL_ACCENT_COLOR_NAME = AccentColor;
				CODE_SIGN_STYLE = Automatic;
				INFOPLIST_FILE = flix/Info.plist;
				LD_RUNPATH_SEARCH_PATHS = (
					"$(inherited)",
					"@executable_path/Frameworks",
				);
				PRODUCT_BUNDLE_IDENTIFIER = hryan.flix;
				PRODUCT_NAME = "$(TARGET_NAME)";
				SWIFT_VERSION = 5.0;
				TARGETED_DEVICE_FAMILY = "1,2";
			};
			name = Debug;
		};
		BB5FF06D25280CAF00818C10 /* Release */ = {
			isa = XCBuildConfiguration;
			baseConfigurationReference = B548E3B0AC299BF7E8830BBC /* Pods-flix.release.xcconfig */;
			buildSettings = {
				ASSETCATALOG_COMPILER_APPICON_NAME = AppIcon;
				ASSETCATALOG_COMPILER_GLOBAL_ACCENT_COLOR_NAME = AccentColor;
				CODE_SIGN_STYLE = Automatic;
				INFOPLIST_FILE = flix/Info.plist;
				LD_RUNPATH_SEARCH_PATHS = (
					"$(inherited)",
					"@executable_path/Frameworks",
				);
				PRODUCT_BUNDLE_IDENTIFIER = hryan.flix;
				PRODUCT_NAME = "$(TARGET_NAME)";
				SWIFT_VERSION = 5.0;
				TARGETED_DEVICE_FAMILY = "1,2";
			};
			name = Release;
		};
		BB5FF06F25280CAF00818C10 /* Debug */ = {
			isa = XCBuildConfiguration;
			baseConfigurationReference = 5FDB98737D9FDA86276A233A /* Pods-flixTests.debug.xcconfig */;
			buildSettings = {
				ALWAYS_EMBED_SWIFT_STANDARD_LIBRARIES = YES;
				BUNDLE_LOADER = "$(TEST_HOST)";
				CODE_SIGN_STYLE = Automatic;
				INFOPLIST_FILE = flixTests/Info.plist;
				IPHONEOS_DEPLOYMENT_TARGET = 14.0;
				LD_RUNPATH_SEARCH_PATHS = (
					"$(inherited)",
					"@executable_path/Frameworks",
					"@loader_path/Frameworks",
				);
				PRODUCT_BUNDLE_IDENTIFIER = hryan.flixTests;
				PRODUCT_NAME = "$(TARGET_NAME)";
				SWIFT_VERSION = 5.0;
				TARGETED_DEVICE_FAMILY = "1,2";
				TEST_HOST = "$(BUILT_PRODUCTS_DIR)/flix.app/flix";
			};
			name = Debug;
		};
		BB5FF07025280CAF00818C10 /* Release */ = {
			isa = XCBuildConfiguration;
			baseConfigurationReference = 3A990998B8A1B27FFA4855CF /* Pods-flixTests.release.xcconfig */;
			buildSettings = {
				ALWAYS_EMBED_SWIFT_STANDARD_LIBRARIES = YES;
				BUNDLE_LOADER = "$(TEST_HOST)";
				CODE_SIGN_STYLE = Automatic;
				INFOPLIST_FILE = flixTests/Info.plist;
				IPHONEOS_DEPLOYMENT_TARGET = 14.0;
				LD_RUNPATH_SEARCH_PATHS = (
					"$(inherited)",
					"@executable_path/Frameworks",
					"@loader_path/Frameworks",
				);
				PRODUCT_BUNDLE_IDENTIFIER = hryan.flixTests;
				PRODUCT_NAME = "$(TARGET_NAME)";
				SWIFT_VERSION = 5.0;
				TARGETED_DEVICE_FAMILY = "1,2";
				TEST_HOST = "$(BUILT_PRODUCTS_DIR)/flix.app/flix";
			};
			name = Release;
		};
		BB5FF07225280CAF00818C10 /* Debug */ = {
			isa = XCBuildConfiguration;
			baseConfigurationReference = 6513B4B494872798D561716B /* Pods-flix-flixUITests.debug.xcconfig */;
			buildSettings = {
				ALWAYS_EMBED_SWIFT_STANDARD_LIBRARIES = YES;
				CODE_SIGN_STYLE = Automatic;
				INFOPLIST_FILE = flixUITests/Info.plist;
				LD_RUNPATH_SEARCH_PATHS = (
					"$(inherited)",
					"@executable_path/Frameworks",
					"@loader_path/Frameworks",
				);
				PRODUCT_BUNDLE_IDENTIFIER = hryan.flixUITests;
				PRODUCT_NAME = "$(TARGET_NAME)";
				SWIFT_VERSION = 5.0;
				TARGETED_DEVICE_FAMILY = "1,2";
				TEST_TARGET_NAME = flix;
			};
			name = Debug;
		};
		BB5FF07325280CAF00818C10 /* Release */ = {
			isa = XCBuildConfiguration;
			baseConfigurationReference = 48233242B0A9CAE4732EF44B /* Pods-flix-flixUITests.release.xcconfig */;
			buildSettings = {
				ALWAYS_EMBED_SWIFT_STANDARD_LIBRARIES = YES;
				CODE_SIGN_STYLE = Automatic;
				INFOPLIST_FILE = flixUITests/Info.plist;
				LD_RUNPATH_SEARCH_PATHS = (
					"$(inherited)",
					"@executable_path/Frameworks",
					"@loader_path/Frameworks",
				);
				PRODUCT_BUNDLE_IDENTIFIER = hryan.flixUITests;
				PRODUCT_NAME = "$(TARGET_NAME)";
				SWIFT_VERSION = 5.0;
				TARGETED_DEVICE_FAMILY = "1,2";
				TEST_TARGET_NAME = flix;
			};
			name = Release;
		};
/* End XCBuildConfiguration section */

/* Begin XCConfigurationList section */
		BB5FF03C25280CA900818C10 /* Build configuration list for PBXProject "flix" */ = {
			isa = XCConfigurationList;
			buildConfigurations = (
				BB5FF06925280CAF00818C10 /* Debug */,
				BB5FF06A25280CAF00818C10 /* Release */,
			);
			defaultConfigurationIsVisible = 0;
			defaultConfigurationName = Release;
		};
		BB5FF06B25280CAF00818C10 /* Build configuration list for PBXNativeTarget "flix" */ = {
			isa = XCConfigurationList;
			buildConfigurations = (
				BB5FF06C25280CAF00818C10 /* Debug */,
				BB5FF06D25280CAF00818C10 /* Release */,
			);
			defaultConfigurationIsVisible = 0;
			defaultConfigurationName = Release;
		};
		BB5FF06E25280CAF00818C10 /* Build configuration list for PBXNativeTarget "flixTests" */ = {
			isa = XCConfigurationList;
			buildConfigurations = (
				BB5FF06F25280CAF00818C10 /* Debug */,
				BB5FF07025280CAF00818C10 /* Release */,
			);
			defaultConfigurationIsVisible = 0;
			defaultConfigurationName = Release;
		};
		BB5FF07125280CAF00818C10 /* Build configuration list for PBXNativeTarget "flixUITests" */ = {
			isa = XCConfigurationList;
			buildConfigurations = (
				BB5FF07225280CAF00818C10 /* Debug */,
				BB5FF07325280CAF00818C10 /* Release */,
			);
			defaultConfigurationIsVisible = 0;
			defaultConfigurationName = Release;
		};
/* End XCConfigurationList section */
	};
	rootObject = BB5FF03925280CA900818C10 /* Project object */;
}
